
Microsoft Visual Studio Solution File, Format Version 12.00
# Visual Studio Version 16
VisualStudioVersion = 16.0.29209.62
MinimumVisualStudioVersion = 10.0.40219.1
Project("{FAE04EC0-301F-11D3-BF4B-00C04F79EFBC}") = "Laboratory3", "Laboratory1\Laboratory3.csproj", "{2CE9D7B1-5663-424A-9CDF-784BF9CC4611}"
EndProject
Global
	GlobalSection(SolutionConfigurationPlatforms) = preSolution
		Debug|Any CPU = Debug|Any CPU
		Release|Any CPU = Release|Any CPU
	EndGlobalSection
	GlobalSection(ProjectConfigurationPlatforms) = postSolution
		{2CE9D7B1-5663-424A-9CDF-784BF9CC4611}.Debug|Any CPU.ActiveCfg = Debug|Any CPU
		{2CE9D7B1-5663-424A-9CDF-784BF9CC4611}.Debug|Any CPU.Build.0 = Debug|Any CPU
		{2CE9D7B1-5663-424A-9CDF-784BF9CC4611}.Release|Any CPU.ActiveCfg = Release|Any CPU
		{2CE9D7B1-5663-424A-9CDF-784BF9CC4611}.Release|Any CPU.Build.0 = Release|Any CPU
	EndGlobalSection
	GlobalSection(SolutionProperties) = preSolution
		HideSolutionNode = FALSE
	EndGlobalSection
	GlobalSection(ExtensibilityGlobals) = postSolution
		SolutionGuid = {785A6C34-6C78-4596-9C30-DF3A147D4611}
	EndGlobalSection
EndGlobal
